
Microsoft Visual Studio Solution File, Format Version 12.00
# Visual Studio 14
VisualStudioVersion = 14.0.25420.1
MinimumVisualStudioVersion = 10.0.40219.1
Project("{FAE04EC0-301F-11D3-BF4B-00C04F79EFBC}") = "GoogleAnalytics.Core", "..\Managed\GoogleAnalytics.Core\GoogleAnalytics.Core.csproj", "{A6BE52D4-4652-4680-8E0D-9D1D1EB3AD1F}"
EndProject
Project("{FAE04EC0-301F-11D3-BF4B-00C04F79EFBC}") = "GoogleAnalytics.Sample", "..\Managed\GoogleAnalytics.Sample\GoogleAnalytics.Sample.csproj", "{82A33996-59A5-4CA8-BED7-7EDC914B42EF}"
EndProject
Project("{FAE04EC0-301F-11D3-BF4B-00C04F79EFBC}") = "GoogleAnalytics.UnitTests", "..\Managed\GoogleAnalytics.UnitTests\GoogleAnalytics.UnitTests.csproj", "{C5637A31-A489-4A07-B4B3-D34CF0CC1A60}"
EndProject
Project("{FAE04EC0-301F-11D3-BF4B-00C04F79EFBC}") = "GoogleAnalytics.UWP", "..\Managed\GoogleAnalytics.UWP\GoogleAnalytics.UWP.csproj", "{EF2863F0-036B-48F1-A402-77570A1A2823}"
EndProject
Project("{8BC9CEB8-8B4A-11D0-8D11-00A0C91BC942}") = "GoogleAnalytics.Sample.Native", "..\Native\GoogleAnalytics.Sample.Native\GoogleAnalytics.Sample.Native.vcxproj", "{4CE2FC45-AB85-43F1-AC35-A2BA466EEA18}"
EndProject
Project("{8BC9CEB8-8B4A-11D0-8D11-00A0C91BC942}") = "GoogleAnalytics.Native.Win10", "..\Native\GoogleAnalytics.UWP\GoogleAnalytics.vcxproj", "{334C843A-20F3-409C-951B-E548EC3166CD}"
EndProject
Project("{FAE04EC0-301F-11D3-BF4B-00C04F79EFBC}") = "GoogleAnalytics.UnitTests_NativeSDK", "..\Native\GoogleAnalytics.UnitTests_NativeSDK\GoogleAnalytics.UnitTests_NativeSDK.csproj", "{2B50EB8C-66D1-44F2-82CC-AAD009B91189}"
EndProject
Global
	GlobalSection(SolutionConfigurationPlatforms) = preSolution
		Debug|Any CPU = Debug|Any CPU
		Debug|ARM = Debug|ARM
		Debug|x64 = Debug|x64
		Debug|x86 = Debug|x86
		Release|Any CPU = Release|Any CPU
		Release|ARM = Release|ARM
		Release|x64 = Release|x64
		Release|x86 = Release|x86
	EndGlobalSection
	GlobalSection(ProjectConfigurationPlatforms) = postSolution
		{A6BE52D4-4652-4680-8E0D-9D1D1EB3AD1F}.Debug|Any CPU.ActiveCfg = Debug|Any CPU
		{A6BE52D4-4652-4680-8E0D-9D1D1EB3AD1F}.Debug|Any CPU.Build.0 = Debug|Any CPU
		{A6BE52D4-4652-4680-8E0D-9D1D1EB3AD1F}.Debug|ARM.ActiveCfg = Debug|Any CPU
		{A6BE52D4-4652-4680-8E0D-9D1D1EB3AD1F}.Debug|ARM.Build.0 = Debug|Any CPU
		{A6BE52D4-4652-4680-8E0D-9D1D1EB3AD1F}.Debug|x64.ActiveCfg = Debug|Any CPU
		{A6BE52D4-4652-4680-8E0D-9D1D1EB3AD1F}.Debug|x64.Build.0 = Debug|Any CPU
		{A6BE52D4-4652-4680-8E0D-9D1D1EB3AD1F}.Debug|x86.ActiveCfg = Debug|Any CPU
		{A6BE52D4-4652-4680-8E0D-9D1D1EB3AD1F}.Debug|x86.Build.0 = Debug|Any CPU
		{A6BE52D4-4652-4680-8E0D-9D1D1EB3AD1F}.Release|Any CPU.ActiveCfg = Release|Any CPU
		{A6BE52D4-4652-4680-8E0D-9D1D1EB3AD1F}.Release|Any CPU.Build.0 = Release|Any CPU
		{A6BE52D4-4652-4680-8E0D-9D1D1EB3AD1F}.Release|ARM.ActiveCfg = Release|Any CPU
		{A6BE52D4-4652-4680-8E0D-9D1D1EB3AD1F}.Release|ARM.Build.0 = Release|Any CPU
		{A6BE52D4-4652-4680-8E0D-9D1D1EB3AD1F}.Release|x64.ActiveCfg = Release|Any CPU
		{A6BE52D4-4652-4680-8E0D-9D1D1EB3AD1F}.Release|x64.Build.0 = Release|Any CPU
		{A6BE52D4-4652-4680-8E0D-9D1D1EB3AD1F}.Release|x86.ActiveCfg = Release|Any CPU
		{A6BE52D4-4652-4680-8E0D-9D1D1EB3AD1F}.Release|x86.Build.0 = Release|Any CPU
		{82A33996-59A5-4CA8-BED7-7EDC914B42EF}.Debug|Any CPU.ActiveCfg = Debug|x86
		{82A33996-59A5-4CA8-BED7-7EDC914B42EF}.Debug|ARM.ActiveCfg = Debug|ARM
		{82A33996-59A5-4CA8-BED7-7EDC914B42EF}.Debug|ARM.Build.0 = Debug|ARM
		{82A33996-59A5-4CA8-BED7-7EDC914B42EF}.Debug|ARM.Deploy.0 = Debug|ARM
		{82A33996-59A5-4CA8-BED7-7EDC914B42EF}.Debug|x64.ActiveCfg = Debug|x64
		{82A33996-59A5-4CA8-BED7-7EDC914B42EF}.Debug|x64.Build.0 = Debug|x64
		{82A33996-59A5-4CA8-BED7-7EDC914B42EF}.Debug|x64.Deploy.0 = Debug|x64
		{82A33996-59A5-4CA8-BED7-7EDC914B42EF}.Debug|x86.ActiveCfg = Debug|x86
		{82A33996-59A5-4CA8-BED7-7EDC914B42EF}.Debug|x86.Build.0 = Debug|x86
		{82A33996-59A5-4CA8-BED7-7EDC914B42EF}.Debug|x86.Deploy.0 = Debug|x86
		{82A33996-59A5-4CA8-BED7-7EDC914B42EF}.Release|Any CPU.ActiveCfg = Release|x86
		{82A33996-59A5-4CA8-BED7-7EDC914B42EF}.Release|ARM.ActiveCfg = Release|ARM
		{82A33996-59A5-4CA8-BED7-7EDC914B42EF}.Release|ARM.Build.0 = Release|ARM
		{82A33996-59A5-4CA8-BED7-7EDC914B42EF}.Release|ARM.Deploy.0 = Release|ARM
		{82A33996-59A5-4CA8-BED7-7EDC914B42EF}.Release|x64.ActiveCfg = Release|x64
		{82A33996-59A5-4CA8-BED7-7EDC914B42EF}.Release|x64.Build.0 = Release|x64
		{82A33996-59A5-4CA8-BED7-7EDC914B42EF}.Release|x64.Deploy.0 = Release|x64
		{82A33996-59A5-4CA8-BED7-7EDC914B42EF}.Release|x86.ActiveCfg = Release|x86
		{82A33996-59A5-4CA8-BED7-7EDC914B42EF}.Release|x86.Build.0 = Release|x86
		{82A33996-59A5-4CA8-BED7-7EDC914B42EF}.Release|x86.Deploy.0 = Release|x86
		{C5637A31-A489-4A07-B4B3-D34CF0CC1A60}.Debug|Any CPU.ActiveCfg = Debug|x86
		{C5637A31-A489-4A07-B4B3-D34CF0CC1A60}.Debug|ARM.ActiveCfg = Debug|ARM
		{C5637A31-A489-4A07-B4B3-D34CF0CC1A60}.Debug|ARM.Build.0 = Debug|ARM
		{C5637A31-A489-4A07-B4B3-D34CF0CC1A60}.Debug|ARM.Deploy.0 = Debug|ARM
		{C5637A31-A489-4A07-B4B3-D34CF0CC1A60}.Debug|x64.ActiveCfg = Debug|x64
		{C5637A31-A489-4A07-B4B3-D34CF0CC1A60}.Debug|x64.Build.0 = Debug|x64
		{C5637A31-A489-4A07-B4B3-D34CF0CC1A60}.Debug|x64.Deploy.0 = Debug|x64
		{C5637A31-A489-4A07-B4B3-D34CF0CC1A60}.Debug|x86.ActiveCfg = Debug|x86
		{C5637A31-A489-4A07-B4B3-D34CF0CC1A60}.Debug|x86.Build.0 = Debug|x86
		{C5637A31-A489-4A07-B4B3-D34CF0CC1A60}.Debug|x86.Deploy.0 = Debug|x86
		{C5637A31-A489-4A07-B4B3-D34CF0CC1A60}.Release|Any CPU.ActiveCfg = Release|x86
		{C5637A31-A489-4A07-B4B3-D34CF0CC1A60}.Release|ARM.ActiveCfg = Release|ARM
		{C5637A31-A489-4A07-B4B3-D34CF0CC1A60}.Release|ARM.Build.0 = Release|ARM
		{C5637A31-A489-4A07-B4B3-D34CF0CC1A60}.Release|ARM.Deploy.0 = Release|ARM
		{C5637A31-A489-4A07-B4B3-D34CF0CC1A60}.Release|x64.ActiveCfg = Release|x64
		{C5637A31-A489-4A07-B4B3-D34CF0CC1A60}.Release|x64.Build.0 = Release|x64
		{C5637A31-A489-4A07-B4B3-D34CF0CC1A60}.Release|x64.Deploy.0 = Release|x64
		{C5637A31-A489-4A07-B4B3-D34CF0CC1A60}.Release|x86.ActiveCfg = Release|x86
		{C5637A31-A489-4A07-B4B3-D34CF0CC1A60}.Release|x86.Build.0 = Release|x86
		{C5637A31-A489-4A07-B4B3-D34CF0CC1A60}.Release|x86.Deploy.0 = Release|x86
		{EF2863F0-036B-48F1-A402-77570A1A2823}.Debug|Any CPU.ActiveCfg = Debug|Any CPU
		{EF2863F0-036B-48F1-A402-77570A1A2823}.Debug|Any CPU.Build.0 = Debug|Any CPU
		{EF2863F0-036B-48F1-A402-77570A1A2823}.Debug|ARM.ActiveCfg = Debug|ARM
		{EF2863F0-036B-48F1-A402-77570A1A2823}.Debug|ARM.Build.0 = Debug|ARM
		{EF2863F0-036B-48F1-A402-77570A1A2823}.Debug|x64.ActiveCfg = Debug|x64
		{EF2863F0-036B-48F1-A402-77570A1A2823}.Debug|x64.Build.0 = Debug|x64
		{EF2863F0-036B-48F1-A402-77570A1A2823}.Debug|x86.ActiveCfg = Debug|x86
		{EF2863F0-036B-48F1-A402-77570A1A2823}.Debug|x86.Build.0 = Debug|x86
		{EF2863F0-036B-48F1-A402-77570A1A2823}.Release|Any CPU.ActiveCfg = Release|Any CPU
		{EF2863F0-036B-48F1-A402-77570A1A2823}.Release|Any CPU.Build.0 = Release|Any CPU
		{EF2863F0-036B-48F1-A402-77570A1A2823}.Release|ARM.ActiveCfg = Release|ARM
		{EF2863F0-036B-48F1-A402-77570A1A2823}.Release|ARM.Build.0 = Release|ARM
		{EF2863F0-036B-48F1-A402-77570A1A2823}.Release|x64.ActiveCfg = Release|x64
		{EF2863F0-036B-48F1-A402-77570A1A2823}.Release|x64.Build.0 = Release|x64
		{EF2863F0-036B-48F1-A402-77570A1A2823}.Release|x86.ActiveCfg = Release|x86
		{EF2863F0-036B-48F1-A402-77570A1A2823}.Release|x86.Build.0 = Release|x86
		{4CE2FC45-AB85-43F1-AC35-A2BA466EEA18}.Debug|Any CPU.ActiveCfg = Debug|Win32
		{4CE2FC45-AB85-43F1-AC35-A2BA466EEA18}.Debug|ARM.ActiveCfg = Debug|ARM
		{4CE2FC45-AB85-43F1-AC35-A2BA466EEA18}.Debug|ARM.Build.0 = Debug|ARM
		{4CE2FC45-AB85-43F1-AC35-A2BA466EEA18}.Debug|ARM.Deploy.0 = Debug|ARM
		{4CE2FC45-AB85-43F1-AC35-A2BA466EEA18}.Debug|x64.ActiveCfg = Debug|x64
		{4CE2FC45-AB85-43F1-AC35-A2BA466EEA18}.Debug|x64.Build.0 = Debug|x64
		{4CE2FC45-AB85-43F1-AC35-A2BA466EEA18}.Debug|x64.Deploy.0 = Debug|x64
		{4CE2FC45-AB85-43F1-AC35-A2BA466EEA18}.Debug|x86.ActiveCfg = Debug|Win32
		{4CE2FC45-AB85-43F1-AC35-A2BA466EEA18}.Debug|x86.Build.0 = Debug|Win32
		{4CE2FC45-AB85-43F1-AC35-A2BA466EEA18}.Debug|x86.Deploy.0 = Debug|Win32
		{4CE2FC45-AB85-43F1-AC35-A2BA466EEA18}.Release|Any CPU.ActiveCfg = Release|Win32
		{4CE2FC45-AB85-43F1-AC35-A2BA466EEA18}.Release|ARM.ActiveCfg = Release|ARM
		{4CE2FC45-AB85-43F1-AC35-A2BA466EEA18}.Release|ARM.Build.0 = Release|ARM
		{4CE2FC45-AB85-43F1-AC35-A2BA466EEA18}.Release|ARM.Deploy.0 = Release|ARM
		{4CE2FC45-AB85-43F1-AC35-A2BA466EEA18}.Release|x64.ActiveCfg = Release|x64
		{4CE2FC45-AB85-43F1-AC35-A2BA466EEA18}.Release|x64.Build.0 = Release|x64
		{4CE2FC45-AB85-43F1-AC35-A2BA466EEA18}.Release|x64.Deploy.0 = Release|x64
		{4CE2FC45-AB85-43F1-AC35-A2BA466EEA18}.Release|x86.ActiveCfg = Release|Win32
		{4CE2FC45-AB85-43F1-AC35-A2BA466EEA18}.Release|x86.Build.0 = Release|Win32
		{4CE2FC45-AB85-43F1-AC35-A2BA466EEA18}.Release|x86.Deploy.0 = Release|Win32
		{334C843A-20F3-409C-951B-E548EC3166CD}.Debug|Any CPU.ActiveCfg = Debug|Win32
		{334C843A-20F3-409C-951B-E548EC3166CD}.Debug|ARM.ActiveCfg = Debug|ARM
		{334C843A-20F3-409C-951B-E548EC3166CD}.Debug|ARM.Build.0 = Debug|ARM
		{334C843A-20F3-409C-951B-E548EC3166CD}.Debug|x64.ActiveCfg = Debug|x64
		{334C843A-20F3-409C-951B-E548EC3166CD}.Debug|x64.Build.0 = Debug|x64
		{334C843A-20F3-409C-951B-E548EC3166CD}.Debug|x86.ActiveCfg = Debug|Win32
		{334C843A-20F3-409C-951B-E548EC3166CD}.Debug|x86.Build.0 = Debug|Win32
		{334C843A-20F3-409C-951B-E548EC3166CD}.Release|Any CPU.ActiveCfg = Release|Win32
		{334C843A-20F3-409C-951B-E548EC3166CD}.Release|ARM.ActiveCfg = Release|ARM
		{334C843A-20F3-409C-951B-E548EC3166CD}.Release|ARM.Build.0 = Release|ARM
		{334C843A-20F3-409C-951B-E548EC3166CD}.Release|x64.ActiveCfg = Release|x64
		{334C843A-20F3-409C-951B-E548EC3166CD}.Release|x64.Build.0 = Release|x64
		{334C843A-20F3-409C-951B-E548EC3166CD}.Release|x86.ActiveCfg = Release|Win32
		{334C843A-20F3-409C-951B-E548EC3166CD}.Release|x86.Build.0 = Release|Win32
		{2B50EB8C-66D1-44F2-82CC-AAD009B91189}.Debug|Any CPU.ActiveCfg = Debug|x86
		{2B50EB8C-66D1-44F2-82CC-AAD009B91189}.Debug|ARM.ActiveCfg = Debug|ARM
		{2B50EB8C-66D1-44F2-82CC-AAD009B91189}.Debug|ARM.Build.0 = Debug|ARM
		{2B50EB8C-66D1-44F2-82CC-AAD009B91189}.Debug|ARM.Deploy.0 = Debug|ARM
		{2B50EB8C-66D1-44F2-82CC-AAD009B91189}.Debug|x64.ActiveCfg = Debug|x64
		{2B50EB8C-66D1-44F2-82CC-AAD009B91189}.Debug|x64.Build.0 = Debug|x64
		{2B50EB8C-66D1-44F2-82CC-AAD009B91189}.Debug|x64.Deploy.0 = Debug|x64
		{2B50EB8C-66D1-44F2-82CC-AAD009B91189}.Debug|x86.ActiveCfg = Debug|x86
		{2B50EB8C-66D1-44F2-82CC-AAD009B91189}.Debug|x86.Build.0 = Debug|x86
		{2B50EB8C-66D1-44F2-82CC-AAD009B91189}.Debug|x86.Deploy.0 = Debug|x86
		{2B50EB8C-66D1-44F2-82CC-AAD009B91189}.Release|Any CPU.ActiveCfg = Release|x86
		{2B50EB8C-66D1-44F2-82CC-AAD009B91189}.Release|ARM.ActiveCfg = Release|ARM
		{2B50EB8C-66D1-44F2-82CC-AAD009B91189}.Release|ARM.Build.0 = Release|ARM
		{2B50EB8C-66D1-44F2-82CC-AAD009B91189}.Release|ARM.Deploy.0 = Release|ARM
		{2B50EB8C-66D1-44F2-82CC-AAD009B91189}.Release|x64.ActiveCfg = Release|x64
		{2B50EB8C-66D1-44F2-82CC-AAD009B91189}.Release|x64.Build.0 = Release|x64
		{2B50EB8C-66D1-44F2-82CC-AAD009B91189}.Release|x64.Deploy.0 = Release|x64
		{2B50EB8C-66D1-44F2-82CC-AAD009B91189}.Release|x86.ActiveCfg = Release|x86
		{2B50EB8C-66D1-44F2-82CC-AAD009B91189}.Release|x86.Build.0 = Release|x86
		{2B50EB8C-66D1-44F2-82CC-AAD009B91189}.Release|x86.Deploy.0 = Release|x86
	EndGlobalSection
	GlobalSection(SolutionProperties) = preSolution
		HideSolutionNode = FALSE
	EndGlobalSection
EndGlobal
